// !$*UTF8*$!
{
	archiveVersion = 1;
	classes = {
	};
	objectVersion = 50;
	objects = {

/* Begin PBXBuildFile section */
		ABE097A6249F6493002AED98 /* AppDelegate.swift in Sources */ = {isa = PBXBuildFile; fileRef = ABE097A5249F6493002AED98 /* AppDelegate.swift */; };
		ABE097A8249F6493002AED98 /* SceneDelegate.swift in Sources */ = {isa = PBXBuildFile; fileRef = ABE097A7249F6493002AED98 /* SceneDelegate.swift */; };
		ABE097AA249F6493002AED98 /* MenuController.swift in Sources */ = {isa = PBXBuildFile; fileRef = ABE097A9249F6493002AED98 /* MenuController.swift */; };
		ABE097AD249F6493002AED98 /* Main.storyboard in Resources */ = {isa = PBXBuildFile; fileRef = ABE097AB249F6493002AED98 /* Main.storyboard */; };
		ABE097AF249F6495002AED98 /* Assets.xcassets in Resources */ = {isa = PBXBuildFile; fileRef = ABE097AE249F6495002AED98 /* Assets.xcassets */; };
		ABE097B2249F6495002AED98 /* LaunchScreen.storyboard in Resources */ = {isa = PBXBuildFile; fileRef = ABE097B0249F6495002AED98 /* LaunchScreen.storyboard */; };
/* End PBXBuildFile section */

/* Begin PBXFileReference section */
		ABE097A2249F6493002AED98 /* Sarahs Cookbook.app */ = {isa = PBXFileReference; explicitFileType = wrapper.application; includeInIndex = 0; path = "Sarahs Cookbook.app"; sourceTree = BUILT_PRODUCTS_DIR; };
		ABE097A5249F6493002AED98 /* AppDelegate.swift */ = {isa = PBXFileReference; lastKnownFileType = sourcecode.swift; path = AppDelegate.swift; sourceTree = "<group>"; };
		ABE097A7249F6493002AED98 /* SceneDelegate.swift */ = {isa = PBXFileReference; lastKnownFileType = sourcecode.swift; path = SceneDelegate.swift; sourceTree = "<group>"; };
		ABE097A9249F6493002AED98 /* MenuController.swift */ = {isa = PBXFileReference; lastKnownFileType = sourcecode.swift; path = MenuController.swift; sourceTree = "<group>"; };
		ABE097AC249F6493002AED98 /* Base */ = {isa = PBXFileReference; lastKnownFileType = file.storyboard; name = Base; path = Base.lproj/Main.storyboard; sourceTree = "<group>"; };
		ABE097AE249F6495002AED98 /* Assets.xcassets */ = {isa = PBXFileReference; lastKnownFileType = folder.assetcatalog; path = Assets.xcassets; sourceTree = "<group>"; };
		ABE097B1249F6495002AED98 /* Base */ = {isa = PBXFileReference; lastKnownFileType = file.storyboard; name = Base; path = Base.lproj/LaunchScreen.storyboard; sourceTree = "<group>"; };
		ABE097B3249F6495002AED98 /* Info.plist */ = {isa = PBXFileReference; lastKnownFileType = text.plist.xml; path = Info.plist; sourceTree = "<group>"; };
/* End PBXFileReference section */

/* Begin PBXFrameworksBuildPhase section */
		ABE0979F249F6493002AED98 /* Frameworks */ = {
			isa = PBXFrameworksBuildPhase;
			buildActionMask = 2147483647;
			files = (
			);
			runOnlyForDeploymentPostprocessing = 0;
		};
/* End PBXFrameworksBuildPhase section */

/* Begin PBXGroup section */
		ABE09799249F6493002AED98 = {
			isa = PBXGroup;
			children = (
				ABE097A4249F6493002AED98 /* Sarahs Cookbook */,
				ABE097A3249F6493002AED98 /* Products */,
			);
			sourceTree = "<group>";
		};
		ABE097A3249F6493002AED98 /* Products */ = {
			isa = PBXGroup;
			children = (
				ABE097A2249F6493002AED98 /* Sarahs Cookbook.app */,
			);
			name = Products;
			sourceTree = "<group>";
		};
		ABE097A4249F6493002AED98 /* Sarahs Cookbook */ = {
			isa = PBXGroup;
			children = (
				ABE097A5249F6493002AED98 /* AppDelegate.swift */,
				ABE097A7249F6493002AED98 /* SceneDelegate.swift */,
				ABE097BB249F6B24002AED98 /* Controllers */,
				ABE097BC249F6B30002AED98 /* Views */,
				ABE097AE249F6495002AED98 /* Assets.xcassets */,
				ABE097B0249F6495002AED98 /* LaunchScreen.storyboard */,
				ABE097B3249F6495002AED98 /* Info.plist */,
			);
			path = "Sarahs Cookbook";
			sourceTree = "<group>";
		};
		ABE097BB249F6B24002AED98 /* Controllers */ = {
			isa = PBXGroup;
			children = (
				ABE097A9249F6493002AED98 /* MenuController.swift */,
			);
			path = Controllers;
			sourceTree = "<group>";
		};
		ABE097BC249F6B30002AED98 /* Views */ = {
			isa = PBXGroup;
			children = (
				ABE097AB249F6493002AED98 /* Main.storyboard */,
			);
			path = Views;
			sourceTree = "<group>";
		};
/* End PBXGroup section */

/* Begin PBXNativeTarget section */
		ABE097A1249F6493002AED98 /* Sarahs Cookbook */ = {
			isa = PBXNativeTarget;
			buildConfigurationList = ABE097B6249F6495002AED98 /* Build configuration list for PBXNativeTarget "Sarahs Cookbook" */;
			buildPhases = (
				ABE0979E249F6493002AED98 /* Sources */,
				ABE0979F249F6493002AED98 /* Frameworks */,
				ABE097A0249F6493002AED98 /* Resources */,
			);
			buildRules = (
			);
			dependencies = (
			);
			name = "Sarahs Cookbook";
			productName = "Sarahs Cookbook";
			productReference = ABE097A2249F6493002AED98 /* Sarahs Cookbook.app */;
			productType = "com.apple.product-type.application";
		};
/* End PBXNativeTarget section */

/* Begin PBXProject section */
		ABE0979A249F6493002AED98 /* Project object */ = {
			isa = PBXProject;
			attributes = {
				LastSwiftUpdateCheck = 1150;
				LastUpgradeCheck = 1150;
				ORGANIZATIONNAME = "Jonathan Fernandes";
				TargetAttributes = {
					ABE097A1249F6493002AED98 = {
						CreatedOnToolsVersion = 11.5;
					};
				};
			};
			buildConfigurationList = ABE0979D249F6493002AED98 /* Build configuration list for PBXProject "Sarahs Cookbook" */;
			compatibilityVersion = "Xcode 9.3";
			developmentRegion = en;
			hasScannedForEncodings = 0;
			knownRegions = (
				en,
				Base,
			);
			mainGroup = ABE09799249F6493002AED98;
			productRefGroup = ABE097A3249F6493002AED98 /* Products */;
			projectDirPath = "";
			projectRoot = "";
			targets = (
				ABE097A1249F6493002AED98 /* Sarahs Cookbook */,
			);
		};
/* End PBXProject section */

/* Begin PBXResourcesBuildPhase section */
		ABE097A0249F6493002AED98 /* Resources */ = {
			isa = PBXResourcesBuildPhase;
			buildActionMask = 2147483647;
			files = (
				ABE097B2249F6495002AED98 /* LaunchScreen.storyboard in Resources */,
				ABE097AF249F6495002AED98 /* Assets.xcassets in Resources */,
				ABE097AD249F6493002AED98 /* Main.storyboard in Resources */,
			);
			runOnlyForDeploymentPostprocessing = 0;
		};
/* End PBXResourcesBuildPhase section */

/* Begin PBXSourcesBuildPhase section */
		ABE0979E249F6493002AED98 /* Sources */ = {
			isa = PBXSourcesBuildPhase;
			buildActionMask = 2147483647;
			files = (
				ABE097AA249F6493002AED98 /* MenuController.swift in Sources */,
				ABE097A6249F6493002AED98 /* AppDelegate.swift in Sources */,
				ABE097A8249F6493002AED98 /* SceneDelegate.swift in Sources */,
			);
			runOnlyForDeploymentPostprocessing = 0;
		};
/* End PBXSourcesBuildPhase section */

/* Begin PBXVariantGroup section */
		ABE097AB249F6493002AED98 /* Main.storyboard */ = {
			isa = PBXVariantGroup;
			children = (
				ABE097AC249F6493002AED98 /* Base */,
			);
			name = Main.storyboard;
			sourceTree = "<group>";
		};
		ABE097B0249F6495002AED98 /* LaunchScreen.storyboard */ = {
			isa = PBXVariantGroup;
			children = (
				ABE097B1249F6495002AED98 /* Base */,
			);
			name = LaunchScreen.storyboard;
			sourceTree = "<group>";
		};
/* End PBXVariantGroup section */

/* Begin XCBuildConfiguration section */
		ABE097B4249F6495002AED98 /* Debug */ = {
			isa = XCBuildConfiguration;
			buildSettings = {
				ALWAYS_SEARCH_USER_PATHS = NO;
				CLANG_ANALYZER_NONNULL = YES;
				CLANG_ANALYZER_NUMBER_OBJECT_CONVERSION = YES_AGGRESSIVE;
				CLANG_CXX_LANGUAGE_STANDARD = "gnu++14";
				CLANG_CXX_LIBRARY = "libc++";
				CLANG_ENABLE_MODULES = YES;
				CLANG_ENABLE_OBJC_ARC = YES;
				CLANG_ENABLE_OBJC_WEAK = YES;
				CLANG_WARN_BLOCK_CAPTURE_AUTORELEASING = YES;
				CLANG_WARN_BOOL_CONVERSION = YES;
				CLANG_WARN_COMMA = YES;
				CLANG_WARN_CONSTANT_CONVERSION = YES;
				CLANG_WARN_DEPRECATED_OBJC_IMPLEMENTATIONS = YES;
				CLANG_WARN_DIRECT_OBJC_ISA_USAGE = YES_ERROR;
				CLANG_WARN_DOCUMENTATION_COMMENTS = YES;
				CLANG_WARN_EMPTY_BODY = YES;
				CLANG_WARN_ENUM_CONVERSION = YES;
				CLANG_WARN_INFINITE_RECURSION = YES;
				CLANG_WARN_INT_CONVERSION = YES;
				CLANG_WARN_NON_LITERAL_NULL_CONVERSION = YES;
				CLANG_WARN_OBJC_IMPLICIT_RETAIN_SELF = YES;
				CLANG_WARN_OBJC_LITERAL_CONVERSION = YES;
				CLANG_WARN_OBJC_ROOT_CLASS = YES_ERROR;
				CLANG_WARN_RANGE_LOOP_ANALYSIS = YES;
				CLANG_WARN_STRICT_PROTOTYPES = YES;
				CLANG_WARN_SUSPICIOUS_MOVE = YES;
				CLANG_WARN_UNGUARDED_AVAILABILITY = YES_AGGRESSIVE;
				CLANG_WARN_UNREACHABLE_CODE = YES;
				CLANG_WARN__DUPLICATE_METHOD_MATCH = YES;
				COPY_PHASE_STRIP = NO;
				DEBUG_INFORMATION_FORMAT = dwarf;
				ENABLE_STRICT_OBJC_MSGSEND = YES;
				ENABLE_TESTABILITY = YES;
				GCC_C_LANGUAGE_STANDARD = gnu11;
				GCC_DYNAMIC_NO_PIC = NO;
				GCC_NO_COMMON_BLOCKS = YES;
				GCC_OPTIMIZATION_LEVEL = 0;
				GCC_PREPROCESSOR_DEFINITIONS = (
					"DEBUG=1",
					"$(inherited)",
				);
				GCC_WARN_64_TO_32_BIT_CONVERSION = YES;
				GCC_WARN_ABOUT_RETURN_TYPE = YES_ERROR;
				GCC_WARN_UNDECLARED_SELECTOR = YES;
				GCC_WARN_UNINITIALIZED_AUTOS = YES_AGGRESSIVE;
				GCC_WARN_UNUSED_FUNCTION = YES;
				GCC_WARN_UNUSED_VARIABLE = YES;
				IPHONEOS_DEPLOYMENT_TARGET = 13.5;
				MTL_ENABLE_DEBUG_INFO = INCLUDE_SOURCE;
				MTL_FAST_MATH = YES;
				ONLY_ACTIVE_ARCH = YES;
				SDKROOT = iphoneos;
				SWIFT_ACTIVE_COMPILATION_CONDITIONS = DEBUG;
				SWIFT_OPTIMIZATION_LEVEL = "-Onone";
			};
			name = Debug;
		};
		ABE097B5249F6495002AED98 /* Release */ = {
			isa = XCBuildConfiguration;
			buildSettings = {
				ALWAYS_SEARCH_USER_PATHS = NO;
				CLANG_ANALYZER_NONNULL = YES;
				CLANG_ANALYZER_NUMBER_OBJECT_CONVERSION = YES_AGGRESSIVE;
				CLANG_CXX_LANGUAGE_STANDARD = "gnu++14";
				CLANG_CXX_LIBRARY = "libc++";
				CLANG_ENABLE_MODULES = YES;
				CLANG_ENABLE_OBJC_ARC = YES;
				CLANG_ENABLE_OBJC_WEAK = YES;
				CLANG_WARN_BLOCK_CAPTURE_AUTORELEASING = YES;
				CLANG_WARN_BOOL_CONVERSION = YES;
				CLANG_WARN_COMMA = YES;
				CLANG_WARN_CONSTANT_CONVERSION = YES;
				CLANG_WARN_DEPRECATED_OBJC_IMPLEMENTATIONS = YES;
				CLANG_WARN_DIRECT_OBJC_ISA_USAGE = YES_ERROR;
				CLANG_WARN_DOCUMENTATION_COMMENTS = YES;
				CLANG_WARN_EMPTY_BODY = YES;
				CLANG_WARN_ENUM_CONVERSION = YES;
				CLANG_WARN_INFINITE_RECURSION = YES;
				CLANG_WARN_INT_CONVERSION = YES;
				CLANG_WARN_NON_LITERAL_NULL_CONVERSION = YES;
				CLANG_WARN_OBJC_IMPLICIT_RETAIN_SELF = YES;
				CLANG_WARN_OBJC_LITERAL_CONVERSION = YES;
				CLANG_WARN_OBJC_ROOT_CLASS = YES_ERROR;
				CLANG_WARN_RANGE_LOOP_ANALYSIS = YES;
				CLANG_WARN_STRICT_PROTOTYPES = YES;
				CLANG_WARN_SUSPICIOUS_MOVE = YES;
				CLANG_WARN_UNGUARDED_AVAILABILITY = YES_AGGRESSIVE;
				CLANG_WARN_UNREACHABLE_CODE = YES;
				CLANG_WARN__DUPLICATE_METHOD_MATCH = YES;
				COPY_PHASE_STRIP = NO;
				DEBUG_INFORMATION_FORMAT = "dwarf-with-dsym";
				ENABLE_NS_ASSERTIONS = NO;
				ENABLE_STRICT_OBJC_MSGSEND = YES;
				GCC_C_LANGUAGE_STANDARD = gnu11;
				GCC_NO_COMMON_BLOCKS = YES;
				GCC_WARN_64_TO_32_BIT_CONVERSION = YES;
				GCC_WARN_ABOUT_RETURN_TYPE = YES_ERROR;
				GCC_WARN_UNDECLARED_SELECTOR = YES;
				GCC_WARN_UNINITIALIZED_AUTOS = YES_AGGRESSIVE;
				GCC_WARN_UNUSED_FUNCTION = YES;
				GCC_WARN_UNUSED_VARIABLE = YES;
				IPHONEOS_DEPLOYMENT_TARGET = 13.5;
				MTL_ENABLE_DEBUG_INFO = NO;
				MTL_FAST_MATH = YES;
				SDKROOT = iphoneos;
				SWIFT_COMPILATION_MODE = wholemodule;
				SWIFT_OPTIMIZATION_LEVEL = "-O";
				VALIDATE_PRODUCT = YES;
			};
			name = Release;
		};
		ABE097B7249F6495002AED98 /* Debug */ = {
			isa = XCBuildConfiguration;
			buildSettings = {
				ASSETCATALOG_COMPILER_APPICON_NAME = AppIcon;
				CODE_SIGN_STYLE = Automatic;
				DEVELOPMENT_TEAM = Z3392E9L93;
				INFOPLIST_FILE = "Sarahs Cookbook/Info.plist";
				LD_RUNPATH_SEARCH_PATHS = (
					"$(inherited)",
					"@executable_path/Frameworks",
				);
				PRODUCT_BUNDLE_IDENTIFIER = "com.jonathanhfernandes.Sarahs-Cookbook";
				PRODUCT_NAME = "$(TARGET_NAME)";
				SWIFT_VERSION = 5.0;
				TARGETED_DEVICE_FAMILY = "1,2";
			};
			name = Debug;
		};
		ABE097B8249F6495002AED98 /* Release */ = {
			isa = XCBuildConfiguration;
			buildSettings = {
				ASSETCATALOG_COMPILER_APPICON_NAME = AppIcon;
				CODE_SIGN_STYLE = Automatic;
				DEVELOPMENT_TEAM = Z3392E9L93;
				INFOPLIST_FILE = "Sarahs Cookbook/Info.plist";
				LD_RUNPATH_SEARCH_PATHS = (
					"$(inherited)",
					"@executable_path/Frameworks",
				);
				PRODUCT_BUNDLE_IDENTIFIER = "com.jonathanhfernandes.Sarahs-Cookbook";
				PRODUCT_NAME = "$(TARGET_NAME)";
				SWIFT_VERSION = 5.0;
				TARGETED_DEVICE_FAMILY = "1,2";
			};
			name = Release;
		};
/* End XCBuildConfiguration section */

/* Begin XCConfigurationList section */
		ABE0979D249F6493002AED98 /* Build configuration list for PBXProject "Sarahs Cookbook" */ = {
			isa = XCConfigurationList;
			buildConfigurations = (
				ABE097B4249F6495002AED98 /* Debug */,
				ABE097B5249F6495002AED98 /* Release */,
			);
			defaultConfigurationIsVisible = 0;
			defaultConfigurationName = Release;
		};
		ABE097B6249F6495002AED98 /* Build configuration list for PBXNativeTarget "Sarahs Cookbook" */ = {
			isa = XCConfigurationList;
			buildConfigurations = (
				ABE097B7249F6495002AED98 /* Debug */,
				ABE097B8249F6495002AED98 /* Release */,
			);
			defaultConfigurationIsVisible = 0;
			defaultConfigurationName = Release;
		};
/* End XCConfigurationList section */
	};
	rootObject = ABE0979A249F6493002AED98 /* Project object */;
}
