// !$*UTF8*$!
{
	archiveVersion = 1;
	classes = {
	};
	objectVersion = 51;
	objects = {

/* Begin PBXBuildFile section */
		8FFA6A2F90D446BB4A525D8F /* Pods_Sarahs_Cookbook.framework in Frameworks */ = {isa = PBXBuildFile; fileRef = 27359B32F88DF269ECB56CA6 /* Pods_Sarahs_Cookbook.framework */; };
		AB571C7F24A2FA1200F38B28 /* RecipesController.swift in Sources */ = {isa = PBXBuildFile; fileRef = AB571C7E24A2FA1200F38B28 /* RecipesController.swift */; };
		AB571C8124A2FD1900F38B28 /* AddRecipeController.swift in Sources */ = {isa = PBXBuildFile; fileRef = AB571C8024A2FD1900F38B28 /* AddRecipeController.swift */; };
		AB571C8324A2FD3D00F38B28 /* RecipeController.swift in Sources */ = {isa = PBXBuildFile; fileRef = AB571C8224A2FD3D00F38B28 /* RecipeController.swift */; };
		AB571C8624A3011000F38B28 /* RecipeCell.swift in Sources */ = {isa = PBXBuildFile; fileRef = AB571C8424A3011000F38B28 /* RecipeCell.swift */; };
		AB571C8724A3011000F38B28 /* RecipeCell.xib in Resources */ = {isa = PBXBuildFile; fileRef = AB571C8524A3011000F38B28 /* RecipeCell.xib */; };
		AB64FD5F24A5B14300A75CAB /* Recipe.swift in Sources */ = {isa = PBXBuildFile; fileRef = AB64FD5E24A5B14300A75CAB /* Recipe.swift */; };
		ABD35DFA24A109F10073135E /* Constants.swift in Sources */ = {isa = PBXBuildFile; fileRef = ABD35DF924A109F10073135E /* Constants.swift */; };
		ABD35DFC24A1AF260073135E /* GoogleService-Info.plist in Resources */ = {isa = PBXBuildFile; fileRef = ABD35DFB24A1AF250073135E /* GoogleService-Info.plist */; };
		ABE097A6249F6493002AED98 /* AppDelegate.swift in Sources */ = {isa = PBXBuildFile; fileRef = ABE097A5249F6493002AED98 /* AppDelegate.swift */; };
		ABE097A8249F6493002AED98 /* SceneDelegate.swift in Sources */ = {isa = PBXBuildFile; fileRef = ABE097A7249F6493002AED98 /* SceneDelegate.swift */; };
		ABE097AA249F6493002AED98 /* MenuController.swift in Sources */ = {isa = PBXBuildFile; fileRef = ABE097A9249F6493002AED98 /* MenuController.swift */; };
		ABE097AD249F6493002AED98 /* Main.storyboard in Resources */ = {isa = PBXBuildFile; fileRef = ABE097AB249F6493002AED98 /* Main.storyboard */; };
		ABE097AF249F6495002AED98 /* Assets.xcassets in Resources */ = {isa = PBXBuildFile; fileRef = ABE097AE249F6495002AED98 /* Assets.xcassets */; };
		ABE097B2249F6495002AED98 /* LaunchScreen.storyboard in Resources */ = {isa = PBXBuildFile; fileRef = ABE097B0249F6495002AED98 /* LaunchScreen.storyboard */; };
		ABE097BE249F9B6D002AED98 /* RecipeData.swift in Sources */ = {isa = PBXBuildFile; fileRef = ABE097BD249F9B6D002AED98 /* RecipeData.swift */; };
		ABE9449224A0516000D52D14 /* RegisterController.swift in Sources */ = {isa = PBXBuildFile; fileRef = ABE9449124A0516000D52D14 /* RegisterController.swift */; };
		ABE9449424A051BD00D52D14 /* LogInController.swift in Sources */ = {isa = PBXBuildFile; fileRef = ABE9449324A051BD00D52D14 /* LogInController.swift */; };
		ABE9449624A051E200D52D14 /* HomeController.swift in Sources */ = {isa = PBXBuildFile; fileRef = ABE9449524A051E200D52D14 /* HomeController.swift */; };
/* End PBXBuildFile section */

/* Begin PBXFileReference section */
		27359B32F88DF269ECB56CA6 /* Pods_Sarahs_Cookbook.framework */ = {isa = PBXFileReference; explicitFileType = wrapper.framework; includeInIndex = 0; path = Pods_Sarahs_Cookbook.framework; sourceTree = BUILT_PRODUCTS_DIR; };
		4FAB3882AFF3E1C64B8A5BAD /* Pods-Sarahs Cookbook.debug.xcconfig */ = {isa = PBXFileReference; includeInIndex = 1; lastKnownFileType = text.xcconfig; name = "Pods-Sarahs Cookbook.debug.xcconfig"; path = "Target Support Files/Pods-Sarahs Cookbook/Pods-Sarahs Cookbook.debug.xcconfig"; sourceTree = "<group>"; };
		8D61DF8456E0BC8BB3F574C1 /* Pods-Sarahs Cookbook.release.xcconfig */ = {isa = PBXFileReference; includeInIndex = 1; lastKnownFileType = text.xcconfig; name = "Pods-Sarahs Cookbook.release.xcconfig"; path = "Target Support Files/Pods-Sarahs Cookbook/Pods-Sarahs Cookbook.release.xcconfig"; sourceTree = "<group>"; };
		AB571C7E24A2FA1200F38B28 /* RecipesController.swift */ = {isa = PBXFileReference; lastKnownFileType = sourcecode.swift; path = RecipesController.swift; sourceTree = "<group>"; };
		AB571C8024A2FD1900F38B28 /* AddRecipeController.swift */ = {isa = PBXFileReference; lastKnownFileType = sourcecode.swift; path = AddRecipeController.swift; sourceTree = "<group>"; };
		AB571C8224A2FD3D00F38B28 /* RecipeController.swift */ = {isa = PBXFileReference; lastKnownFileType = sourcecode.swift; path = RecipeController.swift; sourceTree = "<group>"; };
		AB571C8424A3011000F38B28 /* RecipeCell.swift */ = {isa = PBXFileReference; lastKnownFileType = sourcecode.swift; path = RecipeCell.swift; sourceTree = "<group>"; };
		AB571C8524A3011000F38B28 /* RecipeCell.xib */ = {isa = PBXFileReference; lastKnownFileType = file.xib; path = RecipeCell.xib; sourceTree = "<group>"; };
		AB64FD5E24A5B14300A75CAB /* Recipe.swift */ = {isa = PBXFileReference; lastKnownFileType = sourcecode.swift; path = Recipe.swift; sourceTree = "<group>"; };
		ABD35DF924A109F10073135E /* Constants.swift */ = {isa = PBXFileReference; lastKnownFileType = sourcecode.swift; path = Constants.swift; sourceTree = "<group>"; };
		ABD35DFB24A1AF250073135E /* GoogleService-Info.plist */ = {isa = PBXFileReference; lastKnownFileType = text.plist; path = "GoogleService-Info.plist"; sourceTree = SOURCE_ROOT; };
		ABE097A2249F6493002AED98 /* Sarahs Cookbook.app */ = {isa = PBXFileReference; explicitFileType = wrapper.application; includeInIndex = 0; path = "Sarahs Cookbook.app"; sourceTree = BUILT_PRODUCTS_DIR; };
		ABE097A5249F6493002AED98 /* AppDelegate.swift */ = {isa = PBXFileReference; lastKnownFileType = sourcecode.swift; path = AppDelegate.swift; sourceTree = "<group>"; };
		ABE097A7249F6493002AED98 /* SceneDelegate.swift */ = {isa = PBXFileReference; lastKnownFileType = sourcecode.swift; path = SceneDelegate.swift; sourceTree = "<group>"; };
		ABE097A9249F6493002AED98 /* MenuController.swift */ = {isa = PBXFileReference; lastKnownFileType = sourcecode.swift; path = MenuController.swift; sourceTree = "<group>"; };
		ABE097AC249F6493002AED98 /* Base */ = {isa = PBXFileReference; lastKnownFileType = file.storyboard; name = Base; path = Base.lproj/Main.storyboard; sourceTree = "<group>"; };
		ABE097AE249F6495002AED98 /* Assets.xcassets */ = {isa = PBXFileReference; lastKnownFileType = folder.assetcatalog; path = Assets.xcassets; sourceTree = "<group>"; };
		ABE097B1249F6495002AED98 /* Base */ = {isa = PBXFileReference; lastKnownFileType = file.storyboard; name = Base; path = Base.lproj/LaunchScreen.storyboard; sourceTree = "<group>"; };
		ABE097B3249F6495002AED98 /* Info.plist */ = {isa = PBXFileReference; lastKnownFileType = text.plist.xml; path = Info.plist; sourceTree = "<group>"; };
		ABE097BD249F9B6D002AED98 /* RecipeData.swift */ = {isa = PBXFileReference; lastKnownFileType = sourcecode.swift; path = RecipeData.swift; sourceTree = "<group>"; };
		ABE9449124A0516000D52D14 /* RegisterController.swift */ = {isa = PBXFileReference; lastKnownFileType = sourcecode.swift; path = RegisterController.swift; sourceTree = "<group>"; };
		ABE9449324A051BD00D52D14 /* LogInController.swift */ = {isa = PBXFileReference; lastKnownFileType = sourcecode.swift; path = LogInController.swift; sourceTree = "<group>"; };
		ABE9449524A051E200D52D14 /* HomeController.swift */ = {isa = PBXFileReference; lastKnownFileType = sourcecode.swift; path = HomeController.swift; sourceTree = "<group>"; };
/* End PBXFileReference section */

/* Begin PBXFrameworksBuildPhase section */
		ABE0979F249F6493002AED98 /* Frameworks */ = {
			isa = PBXFrameworksBuildPhase;
			buildActionMask = 2147483647;
			files = (
				8FFA6A2F90D446BB4A525D8F /* Pods_Sarahs_Cookbook.framework in Frameworks */,
			);
			runOnlyForDeploymentPostprocessing = 0;
		};
/* End PBXFrameworksBuildPhase section */

/* Begin PBXGroup section */
		28FED547A5B695E35C9EFD93 /* Frameworks */ = {
			isa = PBXGroup;
			children = (
				27359B32F88DF269ECB56CA6 /* Pods_Sarahs_Cookbook.framework */,
			);
			name = Frameworks;
			sourceTree = "<group>";
		};
		389F1805706F9567D83D5864 /* Pods */ = {
			isa = PBXGroup;
			children = (
				4FAB3882AFF3E1C64B8A5BAD /* Pods-Sarahs Cookbook.debug.xcconfig */,
				8D61DF8456E0BC8BB3F574C1 /* Pods-Sarahs Cookbook.release.xcconfig */,
			);
			path = Pods;
			sourceTree = "<group>";
		};
		ABE09799249F6493002AED98 = {
			isa = PBXGroup;
			children = (
				ABE097A4249F6493002AED98 /* Sarahs Cookbook */,
				ABE097A3249F6493002AED98 /* Products */,
				389F1805706F9567D83D5864 /* Pods */,
				28FED547A5B695E35C9EFD93 /* Frameworks */,
			);
			sourceTree = "<group>";
		};
		ABE097A3249F6493002AED98 /* Products */ = {
			isa = PBXGroup;
			children = (
				ABE097A2249F6493002AED98 /* Sarahs Cookbook.app */,
			);
			name = Products;
			sourceTree = "<group>";
		};
		ABE097A4249F6493002AED98 /* Sarahs Cookbook */ = {
			isa = PBXGroup;
			children = (
				ABE097A5249F6493002AED98 /* AppDelegate.swift */,
				ABE097A7249F6493002AED98 /* SceneDelegate.swift */,
				ABE097BF249F9BA8002AED98 /* Model */,
				ABE097BC249F6B30002AED98 /* View */,
				ABE097BB249F6B24002AED98 /* Controller */,
				ABE097AE249F6495002AED98 /* Assets.xcassets */,
				ABD35DF924A109F10073135E /* Constants.swift */,
				ABE097B3249F6495002AED98 /* Info.plist */,
				ABD35DFB24A1AF250073135E /* GoogleService-Info.plist */,
				ABE097B0249F6495002AED98 /* LaunchScreen.storyboard */,
			);
			path = "Sarahs Cookbook";
			sourceTree = "<group>";
		};
		ABE097BB249F6B24002AED98 /* Controller */ = {
			isa = PBXGroup;
			children = (
				ABE097A9249F6493002AED98 /* MenuController.swift */,
				ABE9449124A0516000D52D14 /* RegisterController.swift */,
				ABE9449324A051BD00D52D14 /* LogInController.swift */,
				ABE9449524A051E200D52D14 /* HomeController.swift */,
				AB571C7E24A2FA1200F38B28 /* RecipesController.swift */,
				AB571C8024A2FD1900F38B28 /* AddRecipeController.swift */,
				AB571C8224A2FD3D00F38B28 /* RecipeController.swift */,
			);
			path = Controller;
			sourceTree = "<group>";
		};
		ABE097BC249F6B30002AED98 /* View */ = {
			isa = PBXGroup;
			children = (
				ABE097AB249F6493002AED98 /* Main.storyboard */,
				AB571C8424A3011000F38B28 /* RecipeCell.swift */,
				AB571C8524A3011000F38B28 /* RecipeCell.xib */,
			);
			path = View;
			sourceTree = "<group>";
		};
		ABE097BF249F9BA8002AED98 /* Model */ = {
			isa = PBXGroup;
			children = (
				ABE097BD249F9B6D002AED98 /* RecipeData.swift */,
				AB64FD5E24A5B14300A75CAB /* Recipe.swift */,
			);
			path = Model;
			sourceTree = "<group>";
		};
/* End PBXGroup section */

/* Begin PBXNativeTarget section */
		ABE097A1249F6493002AED98 /* Sarahs Cookbook */ = {
			isa = PBXNativeTarget;
			buildConfigurationList = ABE097B6249F6495002AED98 /* Build configuration list for PBXNativeTarget "Sarahs Cookbook" */;
			buildPhases = (
				25E52841F447EC8330C6429A /* [CP] Check Pods Manifest.lock */,
				ABE0979E249F6493002AED98 /* Sources */,
				ABE0979F249F6493002AED98 /* Frameworks */,
				ABE097A0249F6493002AED98 /* Resources */,
				4BCFC803551BCE5944019A65 /* [CP] Embed Pods Frameworks */,
			);
			buildRules = (
			);
			dependencies = (
			);
			name = "Sarahs Cookbook";
			productName = "Sarahs Cookbook";
			productReference = ABE097A2249F6493002AED98 /* Sarahs Cookbook.app */;
			productType = "com.apple.product-type.application";
		};
/* End PBXNativeTarget section */

/* Begin PBXProject section */
		ABE0979A249F6493002AED98 /* Project object */ = {
			isa = PBXProject;
			attributes = {
				LastSwiftUpdateCheck = 1150;
				LastUpgradeCheck = 1150;
				ORGANIZATIONNAME = "Jonathan Fernandes";
				TargetAttributes = {
					ABE097A1249F6493002AED98 = {
						CreatedOnToolsVersion = 11.5;
					};
				};
			};
			buildConfigurationList = ABE0979D249F6493002AED98 /* Build configuration list for PBXProject "Sarahs Cookbook" */;
			compatibilityVersion = "Xcode 9.3";
			developmentRegion = en;
			hasScannedForEncodings = 0;
			knownRegions = (
				en,
				Base,
			);
			mainGroup = ABE09799249F6493002AED98;
			productRefGroup = ABE097A3249F6493002AED98 /* Products */;
			projectDirPath = "";
			projectRoot = "";
			targets = (
				ABE097A1249F6493002AED98 /* Sarahs Cookbook */,
			);
		};
/* End PBXProject section */

/* Begin PBXResourcesBuildPhase section */
		ABE097A0249F6493002AED98 /* Resources */ = {
			isa = PBXResourcesBuildPhase;
			buildActionMask = 2147483647;
			files = (
				ABE097B2249F6495002AED98 /* LaunchScreen.storyboard in Resources */,
				ABD35DFC24A1AF260073135E /* GoogleService-Info.plist in Resources */,
				AB571C8724A3011000F38B28 /* RecipeCell.xib in Resources */,
				ABE097AF249F6495002AED98 /* Assets.xcassets in Resources */,
				ABE097AD249F6493002AED98 /* Main.storyboard in Resources */,
			);
			runOnlyForDeploymentPostprocessing = 0;
		};
/* End PBXResourcesBuildPhase section */

/* Begin PBXShellScriptBuildPhase section */
		25E52841F447EC8330C6429A /* [CP] Check Pods Manifest.lock */ = {
			isa = PBXShellScriptBuildPhase;
			buildActionMask = 2147483647;
			files = (
			);
			inputFileListPaths = (
			);
			inputPaths = (
				"${PODS_PODFILE_DIR_PATH}/Podfile.lock",
				"${PODS_ROOT}/Manifest.lock",
			);
			name = "[CP] Check Pods Manifest.lock";
			outputFileListPaths = (
			);
			outputPaths = (
				"$(DERIVED_FILE_DIR)/Pods-Sarahs Cookbook-checkManifestLockResult.txt",
			);
			runOnlyForDeploymentPostprocessing = 0;
			shellPath = /bin/sh;
			shellScript = "diff \"${PODS_PODFILE_DIR_PATH}/Podfile.lock\" \"${PODS_ROOT}/Manifest.lock\" > /dev/null\nif [ $? != 0 ] ; then\n    # print error to STDERR\n    echo \"error: The sandbox is not in sync with the Podfile.lock. Run 'pod install' or update your CocoaPods installation.\" >&2\n    exit 1\nfi\n# This output is used by Xcode 'outputs' to avoid re-running this script phase.\necho \"SUCCESS\" > \"${SCRIPT_OUTPUT_FILE_0}\"\n";
			showEnvVarsInLog = 0;
		};
		4BCFC803551BCE5944019A65 /* [CP] Embed Pods Frameworks */ = {
			isa = PBXShellScriptBuildPhase;
			buildActionMask = 2147483647;
			files = (
			);
			inputFileListPaths = (
				"${PODS_ROOT}/Target Support Files/Pods-Sarahs Cookbook/Pods-Sarahs Cookbook-frameworks-${CONFIGURATION}-input-files.xcfilelist",
			);
			name = "[CP] Embed Pods Frameworks";
			outputFileListPaths = (
				"${PODS_ROOT}/Target Support Files/Pods-Sarahs Cookbook/Pods-Sarahs Cookbook-frameworks-${CONFIGURATION}-output-files.xcfilelist",
			);
			runOnlyForDeploymentPostprocessing = 0;
			shellPath = /bin/sh;
			shellScript = "\"${PODS_ROOT}/Target Support Files/Pods-Sarahs Cookbook/Pods-Sarahs Cookbook-frameworks.sh\"\n";
			showEnvVarsInLog = 0;
		};
/* End PBXShellScriptBuildPhase section */

/* Begin PBXSourcesBuildPhase section */
		ABE0979E249F6493002AED98 /* Sources */ = {
			isa = PBXSourcesBuildPhase;
			buildActionMask = 2147483647;
			files = (
				ABE9449224A0516000D52D14 /* RegisterController.swift in Sources */,
				ABE9449424A051BD00D52D14 /* LogInController.swift in Sources */,
				ABE9449624A051E200D52D14 /* HomeController.swift in Sources */,
				AB571C8624A3011000F38B28 /* RecipeCell.swift in Sources */,
				ABE097AA249F6493002AED98 /* MenuController.swift in Sources */,
				ABE097BE249F9B6D002AED98 /* RecipeData.swift in Sources */,
				ABE097A6249F6493002AED98 /* AppDelegate.swift in Sources */,
				ABE097A8249F6493002AED98 /* SceneDelegate.swift in Sources */,
				AB571C8124A2FD1900F38B28 /* AddRecipeController.swift in Sources */,
				ABD35DFA24A109F10073135E /* Constants.swift in Sources */,
				AB64FD5F24A5B14300A75CAB /* Recipe.swift in Sources */,
				AB571C8324A2FD3D00F38B28 /* RecipeController.swift in Sources */,
				AB571C7F24A2FA1200F38B28 /* RecipesController.swift in Sources */,
			);
			runOnlyForDeploymentPostprocessing = 0;
		};
/* End PBXSourcesBuildPhase section */

/* Begin PBXVariantGroup section */
		ABE097AB249F6493002AED98 /* Main.storyboard */ = {
			isa = PBXVariantGroup;
			children = (
				ABE097AC249F6493002AED98 /* Base */,
			);
			name = Main.storyboard;
			sourceTree = "<group>";
		};
		ABE097B0249F6495002AED98 /* LaunchScreen.storyboard */ = {
			isa = PBXVariantGroup;
			children = (
				ABE097B1249F6495002AED98 /* Base */,
			);
			name = LaunchScreen.storyboard;
			sourceTree = "<group>";
		};
/* End PBXVariantGroup section */

/* Begin XCBuildConfiguration section */
		ABE097B4249F6495002AED98 /* Debug */ = {
			isa = XCBuildConfiguration;
			buildSettings = {
				ALWAYS_SEARCH_USER_PATHS = NO;
				CLANG_ANALYZER_NONNULL = YES;
				CLANG_ANALYZER_NUMBER_OBJECT_CONVERSION = YES_AGGRESSIVE;
				CLANG_CXX_LANGUAGE_STANDARD = "gnu++14";
				CLANG_CXX_LIBRARY = "libc++";
				CLANG_ENABLE_MODULES = YES;
				CLANG_ENABLE_OBJC_ARC = YES;
				CLANG_ENABLE_OBJC_WEAK = YES;
				CLANG_WARN_BLOCK_CAPTURE_AUTORELEASING = YES;
				CLANG_WARN_BOOL_CONVERSION = YES;
				CLANG_WARN_COMMA = YES;
				CLANG_WARN_CONSTANT_CONVERSION = YES;
				CLANG_WARN_DEPRECATED_OBJC_IMPLEMENTATIONS = YES;
				CLANG_WARN_DIRECT_OBJC_ISA_USAGE = YES_ERROR;
				CLANG_WARN_DOCUMENTATION_COMMENTS = YES;
				CLANG_WARN_EMPTY_BODY = YES;
				CLANG_WARN_ENUM_CONVERSION = YES;
				CLANG_WARN_INFINITE_RECURSION = YES;
				CLANG_WARN_INT_CONVERSION = YES;
				CLANG_WARN_NON_LITERAL_NULL_CONVERSION = YES;
				CLANG_WARN_OBJC_IMPLICIT_RETAIN_SELF = YES;
				CLANG_WARN_OBJC_LITERAL_CONVERSION = YES;
				CLANG_WARN_OBJC_ROOT_CLASS = YES_ERROR;
				CLANG_WARN_RANGE_LOOP_ANALYSIS = YES;
				CLANG_WARN_STRICT_PROTOTYPES = YES;
				CLANG_WARN_SUSPICIOUS_MOVE = YES;
				CLANG_WARN_UNGUARDED_AVAILABILITY = YES_AGGRESSIVE;
				CLANG_WARN_UNREACHABLE_CODE = YES;
				CLANG_WARN__DUPLICATE_METHOD_MATCH = YES;
				COPY_PHASE_STRIP = NO;
				DEBUG_INFORMATION_FORMAT = dwarf;
				ENABLE_STRICT_OBJC_MSGSEND = YES;
				ENABLE_TESTABILITY = YES;
				GCC_C_LANGUAGE_STANDARD = gnu11;
				GCC_DYNAMIC_NO_PIC = NO;
				GCC_NO_COMMON_BLOCKS = YES;
				GCC_OPTIMIZATION_LEVEL = 0;
				GCC_PREPROCESSOR_DEFINITIONS = (
					"DEBUG=1",
					"$(inherited)",
				);
				GCC_WARN_64_TO_32_BIT_CONVERSION = YES;
				GCC_WARN_ABOUT_RETURN_TYPE = YES_ERROR;
				GCC_WARN_UNDECLARED_SELECTOR = YES;
				GCC_WARN_UNINITIALIZED_AUTOS = YES_AGGRESSIVE;
				GCC_WARN_UNUSED_FUNCTION = YES;
				GCC_WARN_UNUSED_VARIABLE = YES;
				IPHONEOS_DEPLOYMENT_TARGET = 13.5;
				MTL_ENABLE_DEBUG_INFO = INCLUDE_SOURCE;
				MTL_FAST_MATH = YES;
				ONLY_ACTIVE_ARCH = YES;
				SDKROOT = iphoneos;
				SWIFT_ACTIVE_COMPILATION_CONDITIONS = DEBUG;
				SWIFT_OPTIMIZATION_LEVEL = "-Onone";
			};
			name = Debug;
		};
		ABE097B5249F6495002AED98 /* Release */ = {
			isa = XCBuildConfiguration;
			buildSettings = {
				ALWAYS_SEARCH_USER_PATHS = NO;
				CLANG_ANALYZER_NONNULL = YES;
				CLANG_ANALYZER_NUMBER_OBJECT_CONVERSION = YES_AGGRESSIVE;
				CLANG_CXX_LANGUAGE_STANDARD = "gnu++14";
				CLANG_CXX_LIBRARY = "libc++";
				CLANG_ENABLE_MODULES = YES;
				CLANG_ENABLE_OBJC_ARC = YES;
				CLANG_ENABLE_OBJC_WEAK = YES;
				CLANG_WARN_BLOCK_CAPTURE_AUTORELEASING = YES;
				CLANG_WARN_BOOL_CONVERSION = YES;
				CLANG_WARN_COMMA = YES;
				CLANG_WARN_CONSTANT_CONVERSION = YES;
				CLANG_WARN_DEPRECATED_OBJC_IMPLEMENTATIONS = YES;
				CLANG_WARN_DIRECT_OBJC_ISA_USAGE = YES_ERROR;
				CLANG_WARN_DOCUMENTATION_COMMENTS = YES;
				CLANG_WARN_EMPTY_BODY = YES;
				CLANG_WARN_ENUM_CONVERSION = YES;
				CLANG_WARN_INFINITE_RECURSION = YES;
				CLANG_WARN_INT_CONVERSION = YES;
				CLANG_WARN_NON_LITERAL_NULL_CONVERSION = YES;
				CLANG_WARN_OBJC_IMPLICIT_RETAIN_SELF = YES;
				CLANG_WARN_OBJC_LITERAL_CONVERSION = YES;
				CLANG_WARN_OBJC_ROOT_CLASS = YES_ERROR;
				CLANG_WARN_RANGE_LOOP_ANALYSIS = YES;
				CLANG_WARN_STRICT_PROTOTYPES = YES;
				CLANG_WARN_SUSPICIOUS_MOVE = YES;
				CLANG_WARN_UNGUARDED_AVAILABILITY = YES_AGGRESSIVE;
				CLANG_WARN_UNREACHABLE_CODE = YES;
				CLANG_WARN__DUPLICATE_METHOD_MATCH = YES;
				COPY_PHASE_STRIP = NO;
				DEBUG_INFORMATION_FORMAT = "dwarf-with-dsym";
				ENABLE_NS_ASSERTIONS = NO;
				ENABLE_STRICT_OBJC_MSGSEND = YES;
				GCC_C_LANGUAGE_STANDARD = gnu11;
				GCC_NO_COMMON_BLOCKS = YES;
				GCC_WARN_64_TO_32_BIT_CONVERSION = YES;
				GCC_WARN_ABOUT_RETURN_TYPE = YES_ERROR;
				GCC_WARN_UNDECLARED_SELECTOR = YES;
				GCC_WARN_UNINITIALIZED_AUTOS = YES_AGGRESSIVE;
				GCC_WARN_UNUSED_FUNCTION = YES;
				GCC_WARN_UNUSED_VARIABLE = YES;
				IPHONEOS_DEPLOYMENT_TARGET = 13.5;
				MTL_ENABLE_DEBUG_INFO = NO;
				MTL_FAST_MATH = YES;
				SDKROOT = iphoneos;
				SWIFT_COMPILATION_MODE = wholemodule;
				SWIFT_OPTIMIZATION_LEVEL = "-O";
				VALIDATE_PRODUCT = YES;
			};
			name = Release;
		};
		ABE097B7249F6495002AED98 /* Debug */ = {
			isa = XCBuildConfiguration;
			baseConfigurationReference = 4FAB3882AFF3E1C64B8A5BAD /* Pods-Sarahs Cookbook.debug.xcconfig */;
			buildSettings = {
				ASSETCATALOG_COMPILER_APPICON_NAME = AppIcon;
				CODE_SIGN_STYLE = Automatic;
				DEVELOPMENT_TEAM = Z3392E9L93;
				INFOPLIST_FILE = "Sarahs Cookbook/Info.plist";
				IPHONEOS_DEPLOYMENT_TARGET = 13.5;
				LD_RUNPATH_SEARCH_PATHS = (
					"$(inherited)",
					"@executable_path/Frameworks",
				);
				PRODUCT_BUNDLE_IDENTIFIER = "com.jonathanhfernandes.Sarahs-Cookbook";
				PRODUCT_NAME = "$(TARGET_NAME)";
				SWIFT_VERSION = 5.0;
				TARGETED_DEVICE_FAMILY = 1;
			};
			name = Debug;
		};
		ABE097B8249F6495002AED98 /* Release */ = {
			isa = XCBuildConfiguration;
			baseConfigurationReference = 8D61DF8456E0BC8BB3F574C1 /* Pods-Sarahs Cookbook.release.xcconfig */;
			buildSettings = {
				ASSETCATALOG_COMPILER_APPICON_NAME = AppIcon;
				CODE_SIGN_STYLE = Automatic;
				DEVELOPMENT_TEAM = Z3392E9L93;
				INFOPLIST_FILE = "Sarahs Cookbook/Info.plist";
				IPHONEOS_DEPLOYMENT_TARGET = 13.5;
				LD_RUNPATH_SEARCH_PATHS = (
					"$(inherited)",
					"@executable_path/Frameworks",
				);
				PRODUCT_BUNDLE_IDENTIFIER = "com.jonathanhfernandes.Sarahs-Cookbook";
				PRODUCT_NAME = "$(TARGET_NAME)";
				SWIFT_VERSION = 5.0;
				TARGETED_DEVICE_FAMILY = 1;
			};
			name = Release;
		};
/* End XCBuildConfiguration section */

/* Begin XCConfigurationList section */
		ABE0979D249F6493002AED98 /* Build configuration list for PBXProject "Sarahs Cookbook" */ = {
			isa = XCConfigurationList;
			buildConfigurations = (
				ABE097B4249F6495002AED98 /* Debug */,
				ABE097B5249F6495002AED98 /* Release */,
			);
			defaultConfigurationIsVisible = 0;
			defaultConfigurationName = Release;
		};
		ABE097B6249F6495002AED98 /* Build configuration list for PBXNativeTarget "Sarahs Cookbook" */ = {
			isa = XCConfigurationList;
			buildConfigurations = (
				ABE097B7249F6495002AED98 /* Debug */,
				ABE097B8249F6495002AED98 /* Release */,
			);
			defaultConfigurationIsVisible = 0;
			defaultConfigurationName = Release;
		};
/* End XCConfigurationList section */
	};
	rootObject = ABE0979A249F6493002AED98 /* Project object */;
}
